// !$*UTF8*$!
{
	archiveVersion = 1;
	classes = {
	};
	objectVersion = 50;
	objects = {

/* Begin PBXBuildFile section */
		F07FBEB3239206BF00ADC747 /* AppDelegate.swift in Sources */ = {isa = PBXBuildFile; fileRef = F07FBEB2239206BF00ADC747 /* AppDelegate.swift */; };
		F07FBEB5239206BF00ADC747 /* SceneDelegate.swift in Sources */ = {isa = PBXBuildFile; fileRef = F07FBEB4239206BF00ADC747 /* SceneDelegate.swift */; };
		F07FBEB7239206BF00ADC747 /* ViewController.swift in Sources */ = {isa = PBXBuildFile; fileRef = F07FBEB6239206BF00ADC747 /* ViewController.swift */; };
		F07FBEBA239206BF00ADC747 /* Main.storyboard in Resources */ = {isa = PBXBuildFile; fileRef = F07FBEB8239206BF00ADC747 /* Main.storyboard */; };
		F07FBEBC239206C000ADC747 /* Assets.xcassets in Resources */ = {isa = PBXBuildFile; fileRef = F07FBEBB239206C000ADC747 /* Assets.xcassets */; };
		F07FBEBF239206C000ADC747 /* LaunchScreen.storyboard in Resources */ = {isa = PBXBuildFile; fileRef = F07FBEBD239206C000ADC747 /* LaunchScreen.storyboard */; };
/* End PBXBuildFile section */

/* Begin PBXFileReference section */
		F07FBEAF239206BF00ADC747 /* HelloSingleton.app */ = {isa = PBXFileReference; explicitFileType = wrapper.application; includeInIndex = 0; path = HelloSingleton.app; sourceTree = BUILT_PRODUCTS_DIR; };
		F07FBEB2239206BF00ADC747 /* AppDelegate.swift */ = {isa = PBXFileReference; lastKnownFileType = sourcecode.swift; path = AppDelegate.swift; sourceTree = "<group>"; };
		F07FBEB4239206BF00ADC747 /* SceneDelegate.swift */ = {isa = PBXFileReference; lastKnownFileType = sourcecode.swift; path = SceneDelegate.swift; sourceTree = "<group>"; };
		F07FBEB6239206BF00ADC747 /* ViewController.swift */ = {isa = PBXFileReference; lastKnownFileType = sourcecode.swift; path = ViewController.swift; sourceTree = "<group>"; };
		F07FBEB9239206BF00ADC747 /* Base */ = {isa = PBXFileReference; lastKnownFileType = file.storyboard; name = Base; path = Base.lproj/Main.storyboard; sourceTree = "<group>"; };
		F07FBEBB239206C000ADC747 /* Assets.xcassets */ = {isa = PBXFileReference; lastKnownFileType = folder.assetcatalog; path = Assets.xcassets; sourceTree = "<group>"; };
		F07FBEBE239206C000ADC747 /* Base */ = {isa = PBXFileReference; lastKnownFileType = file.storyboard; name = Base; path = Base.lproj/LaunchScreen.storyboard; sourceTree = "<group>"; };
		F07FBEC0239206C000ADC747 /* Info.plist */ = {isa = PBXFileReference; lastKnownFileType = text.plist.xml; path = Info.plist; sourceTree = "<group>"; };
/* End PBXFileReference section */

/* Begin PBXFrameworksBuildPhase section */
		F07FBEAC239206BF00ADC747 /* Frameworks */ = {
			isa = PBXFrameworksBuildPhase;
			buildActionMask = 2147483647;
			files = (
			);
			runOnlyForDeploymentPostprocessing = 0;
		};
/* End PBXFrameworksBuildPhase section */

/* Begin PBXGroup section */
		F07FBEA6239206BF00ADC747 = {
			isa = PBXGroup;
			children = (
				F07FBEB1239206BF00ADC747 /* HelloSingleton */,
				F07FBEB0239206BF00ADC747 /* Products */,
			);
			sourceTree = "<group>";
		};
		F07FBEB0239206BF00ADC747 /* Products */ = {
			isa = PBXGroup;
			children = (
				F07FBEAF239206BF00ADC747 /* HelloSingleton.app */,
			);
			name = Products;
			sourceTree = "<group>";
		};
		F07FBEB1239206BF00ADC747 /* HelloSingleton */ = {
			isa = PBXGroup;
			children = (
				F07FBEB2239206BF00ADC747 /* AppDelegate.swift */,
				F07FBEB4239206BF00ADC747 /* SceneDelegate.swift */,
				F07FBEB6239206BF00ADC747 /* ViewController.swift */,
				F07FBEB8239206BF00ADC747 /* Main.storyboard */,
				F07FBEBB239206C000ADC747 /* Assets.xcassets */,
				F07FBEBD239206C000ADC747 /* LaunchScreen.storyboard */,
				F07FBEC0239206C000ADC747 /* Info.plist */,
			);
			path = HelloSingleton;
			sourceTree = "<group>";
		};
/* End PBXGroup section */

/* Begin PBXNativeTarget section */
		F07FBEAE239206BF00ADC747 /* HelloSingleton */ = {
			isa = PBXNativeTarget;
			buildConfigurationList = F07FBEC3239206C000ADC747 /* Build configuration list for PBXNativeTarget "HelloSingleton" */;
			buildPhases = (
				F07FBEAB239206BF00ADC747 /* Sources */,
				F07FBEAC239206BF00ADC747 /* Frameworks */,
				F07FBEAD239206BF00ADC747 /* Resources */,
			);
			buildRules = (
			);
			dependencies = (
			);
			name = HelloSingleton;
			productName = HelloSingleton;
			productReference = F07FBEAF239206BF00ADC747 /* HelloSingleton.app */;
			productType = "com.apple.product-type.application";
		};
/* End PBXNativeTarget section */

/* Begin PBXProject section */
		F07FBEA7239206BF00ADC747 /* Project object */ = {
			isa = PBXProject;
			attributes = {
				LastSwiftUpdateCheck = 1120;
				LastUpgradeCheck = 1120;
				ORGANIZATIONNAME = MBP_JackYang;
				TargetAttributes = {
					F07FBEAE239206BF00ADC747 = {
						CreatedOnToolsVersion = 11.2.1;
					};
				};
			};
			buildConfigurationList = F07FBEAA239206BF00ADC747 /* Build configuration list for PBXProject "HelloSingleton" */;
			compatibilityVersion = "Xcode 9.3";
			developmentRegion = en;
			hasScannedForEncodings = 0;
			knownRegions = (
				en,
				Base,
			);
			mainGroup = F07FBEA6239206BF00ADC747;
			productRefGroup = F07FBEB0239206BF00ADC747 /* Products */;
			projectDirPath = "";
			projectRoot = "";
			targets = (
				F07FBEAE239206BF00ADC747 /* HelloSingleton */,
			);
		};
/* End PBXProject section */

/* Begin PBXResourcesBuildPhase section */
		F07FBEAD239206BF00ADC747 /* Resources */ = {
			isa = PBXResourcesBuildPhase;
			buildActionMask = 2147483647;
			files = (
				F07FBEBF239206C000ADC747 /* LaunchScreen.storyboard in Resources */,
				F07FBEBC239206C000ADC747 /* Assets.xcassets in Resources */,
				F07FBEBA239206BF00ADC747 /* Main.storyboard in Resources */,
			);
			runOnlyForDeploymentPostprocessing = 0;
		};
/* End PBXResourcesBuildPhase section */

/* Begin PBXSourcesBuildPhase section */
		F07FBEAB239206BF00ADC747 /* Sources */ = {
			isa = PBXSourcesBuildPhase;
			buildActionMask = 2147483647;
			files = (
				F07FBEB7239206BF00ADC747 /* ViewController.swift in Sources */,
				F07FBEB3239206BF00ADC747 /* AppDelegate.swift in Sources */,
				F07FBEB5239206BF00ADC747 /* SceneDelegate.swift in Sources */,
			);
			runOnlyForDeploymentPostprocessing = 0;
		};
/* End PBXSourcesBuildPhase section */

/* Begin PBXVariantGroup section */
		F07FBEB8239206BF00ADC747 /* Main.storyboard */ = {
			isa = PBXVariantGroup;
			children = (
				F07FBEB9239206BF00ADC747 /* Base */,
			);
			name = Main.storyboard;
			sourceTree = "<group>";
		};
		F07FBEBD239206C000ADC747 /* LaunchScreen.storyboard */ = {
			isa = PBXVariantGroup;
			children = (
				F07FBEBE239206C000ADC747 /* Base */,
			);
			name = LaunchScreen.storyboard;
			sourceTree = "<group>";
		};
/* End PBXVariantGroup section */

/* Begin XCBuildConfiguration section */
		F07FBEC1239206C000ADC747 /* Debug */ = {
			isa = XCBuildConfiguration;
			buildSettings = {
				ALWAYS_SEARCH_USER_PATHS = NO;
				CLANG_ANALYZER_NONNULL = YES;
				CLANG_ANALYZER_NUMBER_OBJECT_CONVERSION = YES_AGGRESSIVE;
				CLANG_CXX_LANGUAGE_STANDARD = "gnu++14";
				CLANG_CXX_LIBRARY = "libc++";
				CLANG_ENABLE_MODULES = YES;
				CLANG_ENABLE_OBJC_ARC = YES;
				CLANG_ENABLE_OBJC_WEAK = YES;
				CLANG_WARN_BLOCK_CAPTURE_AUTORELEASING = YES;
				CLANG_WARN_BOOL_CONVERSION = YES;
				CLANG_WARN_COMMA = YES;
				CLANG_WARN_CONSTANT_CONVERSION = YES;
				CLANG_WARN_DEPRECATED_OBJC_IMPLEMENTATIONS = YES;
				CLANG_WARN_DIRECT_OBJC_ISA_USAGE = YES_ERROR;
				CLANG_WARN_DOCUMENTATION_COMMENTS = YES;
				CLANG_WARN_EMPTY_BODY = YES;
				CLANG_WARN_ENUM_CONVERSION = YES;
				CLANG_WARN_INFINITE_RECURSION = YES;
				CLANG_WARN_INT_CONVERSION = YES;
				CLANG_WARN_NON_LITERAL_NULL_CONVERSION = YES;
				CLANG_WARN_OBJC_IMPLICIT_RETAIN_SELF = YES;
				CLANG_WARN_OBJC_LITERAL_CONVERSION = YES;
				CLANG_WARN_OBJC_ROOT_CLASS = YES_ERROR;
				CLANG_WARN_RANGE_LOOP_ANALYSIS = YES;
				CLANG_WARN_STRICT_PROTOTYPES = YES;
				CLANG_WARN_SUSPICIOUS_MOVE = YES;
				CLANG_WARN_UNGUARDED_AVAILABILITY = YES_AGGRESSIVE;
				CLANG_WARN_UNREACHABLE_CODE = YES;
				CLANG_WARN__DUPLICATE_METHOD_MATCH = YES;
				COPY_PHASE_STRIP = NO;
				DEBUG_INFORMATION_FORMAT = dwarf;
				ENABLE_STRICT_OBJC_MSGSEND = YES;
				ENABLE_TESTABILITY = YES;
				GCC_C_LANGUAGE_STANDARD = gnu11;
				GCC_DYNAMIC_NO_PIC = NO;
				GCC_NO_COMMON_BLOCKS = YES;
				GCC_OPTIMIZATION_LEVEL = 0;
				GCC_PREPROCESSOR_DEFINITIONS = (
					"DEBUG=1",
					"$(inherited)",
				);
				GCC_WARN_64_TO_32_BIT_CONVERSION = YES;
				GCC_WARN_ABOUT_RETURN_TYPE = YES_ERROR;
				GCC_WARN_UNDECLARED_SELECTOR = YES;
				GCC_WARN_UNINITIALIZED_AUTOS = YES_AGGRESSIVE;
				GCC_WARN_UNUSED_FUNCTION = YES;
				GCC_WARN_UNUSED_VARIABLE = YES;
				IPHONEOS_DEPLOYMENT_TARGET = 13.2;
				MTL_ENABLE_DEBUG_INFO = INCLUDE_SOURCE;
				MTL_FAST_MATH = YES;
				ONLY_ACTIVE_ARCH = YES;
				SDKROOT = iphoneos;
				SWIFT_ACTIVE_COMPILATION_CONDITIONS = DEBUG;
				SWIFT_OPTIMIZATION_LEVEL = "-Onone";
			};
			name = Debug;
		};
		F07FBEC2239206C000ADC747 /* Release */ = {
			isa = XCBuildConfiguration;
			buildSettings = {
				ALWAYS_SEARCH_USER_PATHS = NO;
				CLANG_ANALYZER_NONNULL = YES;
				CLANG_ANALYZER_NUMBER_OBJECT_CONVERSION = YES_AGGRESSIVE;
				CLANG_CXX_LANGUAGE_STANDARD = "gnu++14";
				CLANG_CXX_LIBRARY = "libc++";
				CLANG_ENABLE_MODULES = YES;
				CLANG_ENABLE_OBJC_ARC = YES;
				CLANG_ENABLE_OBJC_WEAK = YES;
				CLANG_WARN_BLOCK_CAPTURE_AUTORELEASING = YES;
				CLANG_WARN_BOOL_CONVERSION = YES;
				CLANG_WARN_COMMA = YES;
				CLANG_WARN_CONSTANT_CONVERSION = YES;
				CLANG_WARN_DEPRECATED_OBJC_IMPLEMENTATIONS = YES;
				CLANG_WARN_DIRECT_OBJC_ISA_USAGE = YES_ERROR;
				CLANG_WARN_DOCUMENTATION_COMMENTS = YES;
				CLANG_WARN_EMPTY_BODY = YES;
				CLANG_WARN_ENUM_CONVERSION = YES;
				CLANG_WARN_INFINITE_RECURSION = YES;
				CLANG_WARN_INT_CONVERSION = YES;
				CLANG_WARN_NON_LITERAL_NULL_CONVERSION = YES;
				CLANG_WARN_OBJC_IMPLICIT_RETAIN_SELF = YES;
				CLANG_WARN_OBJC_LITERAL_CONVERSION = YES;
				CLANG_WARN_OBJC_ROOT_CLASS = YES_ERROR;
				CLANG_WARN_RANGE_LOOP_ANALYSIS = YES;
				CLANG_WARN_STRICT_PROTOTYPES = YES;
				CLANG_WARN_SUSPICIOUS_MOVE = YES;
				CLANG_WARN_UNGUARDED_AVAILABILITY = YES_AGGRESSIVE;
				CLANG_WARN_UNREACHABLE_CODE = YES;
				CLANG_WARN__DUPLICATE_METHOD_MATCH = YES;
				COPY_PHASE_STRIP = NO;
				DEBUG_INFORMATION_FORMAT = "dwarf-with-dsym";
				ENABLE_NS_ASSERTIONS = NO;
				ENABLE_STRICT_OBJC_MSGSEND = YES;
				GCC_C_LANGUAGE_STANDARD = gnu11;
				GCC_NO_COMMON_BLOCKS = YES;
				GCC_WARN_64_TO_32_BIT_CONVERSION = YES;
				GCC_WARN_ABOUT_RETURN_TYPE = YES_ERROR;
				GCC_WARN_UNDECLARED_SELECTOR = YES;
				GCC_WARN_UNINITIALIZED_AUTOS = YES_AGGRESSIVE;
				GCC_WARN_UNUSED_FUNCTION = YES;
				GCC_WARN_UNUSED_VARIABLE = YES;
				IPHONEOS_DEPLOYMENT_TARGET = 13.2;
				MTL_ENABLE_DEBUG_INFO = NO;
				MTL_FAST_MATH = YES;
				SDKROOT = iphoneos;
				SWIFT_COMPILATION_MODE = wholemodule;
				SWIFT_OPTIMIZATION_LEVEL = "-O";
				VALIDATE_PRODUCT = YES;
			};
			name = Release;
		};
		F07FBEC4239206C000ADC747 /* Debug */ = {
			isa = XCBuildConfiguration;
			buildSettings = {
				ASSETCATALOG_COMPILER_APPICON_NAME = AppIcon;
				CODE_SIGN_STYLE = Automatic;
				INFOPLIST_FILE = HelloSingleton/Info.plist;
				LD_RUNPATH_SEARCH_PATHS = (
					"$(inherited)",
					"@executable_path/Frameworks",
				);
				PRODUCT_BUNDLE_IDENTIFIER = jackyang.com.HelloSingleton;
				PRODUCT_NAME = "$(TARGET_NAME)";
				SWIFT_VERSION = 5.0;
				TARGETED_DEVICE_FAMILY = "1,2";
			};
			name = Debug;
		};
		F07FBEC5239206C000ADC747 /* Release */ = {
			isa = XCBuildConfiguration;
			buildSettings = {
				ASSETCATALOG_COMPILER_APPICON_NAME = AppIcon;
				CODE_SIGN_STYLE = Automatic;
				INFOPLIST_FILE = HelloSingleton/Info.plist;
				LD_RUNPATH_SEARCH_PATHS = (
					"$(inherited)",
					"@executable_path/Frameworks",
				);
				PRODUCT_BUNDLE_IDENTIFIER = jackyang.com.HelloSingleton;
				PRODUCT_NAME = "$(TARGET_NAME)";
				SWIFT_VERSION = 5.0;
				TARGETED_DEVICE_FAMILY = "1,2";
			};
			name = Release;
		};
/* End XCBuildConfiguration section */

/* Begin XCConfigurationList section */
		F07FBEAA239206BF00ADC747 /* Build configuration list for PBXProject "HelloSingleton" */ = {
			isa = XCConfigurationList;
			buildConfigurations = (
				F07FBEC1239206C000ADC747 /* Debug */,
				F07FBEC2239206C000ADC747 /* Release */,
			);
			defaultConfigurationIsVisible = 0;
			defaultConfigurationName = Release;
		};
		F07FBEC3239206C000ADC747 /* Build configuration list for PBXNativeTarget "HelloSingleton" */ = {
			isa = XCConfigurationList;
			buildConfigurations = (
				F07FBEC4239206C000ADC747 /* Debug */,
				F07FBEC5239206C000ADC747 /* Release */,
			);
			defaultConfigurationIsVisible = 0;
			defaultConfigurationName = Release;
		};
/* End XCConfigurationList section */
	};
	rootObject = F07FBEA7239206BF00ADC747 /* Project object */;
}
